
Microsoft Visual Studio Solution File, Format Version 12.00
# Visual Studio Version 17
VisualStudioVersion = 17.14.36109.1 d17.14
MinimumVisualStudioVersion = 10.0.40219.1
Project("{FAE04EC0-301F-11D3-BF4B-00C04F79EFBC}") = "PowerBIEmbedded", "PowerBIEmbedded\PowerBIEmbedded.csproj", "{877BAB19-F129-46EE-815F-D08C9B061A8E}"
EndProject
Global
	GlobalSection(SolutionConfigurationPlatforms) = preSolution
		Debug|Any CPU = Debug|Any CPU
		Release|Any CPU = Release|Any CPU
	EndGlobalSection
	GlobalSection(ProjectConfigurationPlatforms) = postSolution
		{877BAB19-F129-46EE-815F-D08C9B061A8E}.Debug|Any CPU.ActiveCfg = Debug|Any CPU
		{877BAB19-F129-46EE-815F-D08C9B061A8E}.Debug|Any CPU.Build.0 = Debug|Any CPU
		{877BAB19-F129-46EE-815F-D08C9B061A8E}.Release|Any CPU.ActiveCfg = Release|Any CPU
		{877BAB19-F129-46EE-815F-D08C9B061A8E}.Release|Any CPU.Build.0 = Release|Any CPU
	EndGlobalSection
	GlobalSection(SolutionProperties) = preSolution
		HideSolutionNode = FALSE
	EndGlobalSection
	GlobalSection(ExtensibilityGlobals) = postSolution
		SolutionGuid = {079F511E-8A2F-4A74-954B-54A6F32BA46B}
	EndGlobalSection
EndGlobal
